
Microsoft Visual Studio Solution File, Format Version 12.00
# Visual Studio Version 17
VisualStudioVersion = 17.4.33213.308
MinimumVisualStudioVersion = 10.0.40219.1
Project("{FAE04EC0-301F-11D3-BF4B-00C04F79EFBC}") = "Autocad_obgect_id", "Autocad_obgect_id.csproj", "{EC59C7C4-11FB-480C-8B9B-872C30C5845A}"
EndProject
Global
	GlobalSection(SolutionConfigurationPlatforms) = preSolution
		Debug|Any CPU = Debug|Any CPU
		Release|Any CPU = Release|Any CPU
	EndGlobalSection
	GlobalSection(ProjectConfigurationPlatforms) = postSolution
		{EC59C7C4-11FB-480C-8B9B-872C30C5845A}.Debug|Any CPU.ActiveCfg = Debug|Any CPU
		{EC59C7C4-11FB-480C-8B9B-872C30C5845A}.Debug|Any CPU.Build.0 = Debug|Any CPU
		{EC59C7C4-11FB-480C-8B9B-872C30C5845A}.Release|Any CPU.ActiveCfg = Release|Any CPU
		{EC59C7C4-11FB-480C-8B9B-872C30C5845A}.Release|Any CPU.Build.0 = Release|Any CPU
	EndGlobalSection
	GlobalSection(SolutionProperties) = preSolution
		HideSolutionNode = FALSE
	EndGlobalSection
	GlobalSection(ExtensibilityGlobals) = postSolution
		SolutionGuid = {0C26D5F7-3A74-433A-9F6B-45F269748CDA}
	EndGlobalSection
EndGlobal
